{
  "object": {
    "pins": [
      {
        "package": "RxSwift",
        "repositoryURL": "https://github.com/ReactiveX/RxSwift.git",
        "state": {
          "branch": null,
          "revision": "7e01c05f25c025143073eaa3be3532f9375c614b",
          "version": "6.1.0"
        }
      },
      {
        "package": "swift-atomics",
        "repositoryURL": "https://github.com/apple/swift-atomics.git",
        "state": {
          "branch": null,
          "revision": "ff3d2212b6b093db7f177d0855adbc4ef9c5f036",
          "version": "1.0.3"
        }
      },
      {
        "package": "TransitionPatch",
        "repositoryURL": "https://github.com/FluidGroup/TransitionPatch.git",
        "state": {
          "branch": null,
          "revision": "88aac5305fe568ef62f73a3cf19f0b8392ffb52c",
          "version": "1.0.5"
        }
      },
      {
        "package": "Verge",
        "repositoryURL": "https://github.com/VergeGroup/Verge.git",
        "state": {
          "branch": null,
          "revision": "2e26db99700c0a4268c0ab00b656209ae8ad8d6b",
          "version": "11.0.0-beta.4"
        }
      }
    ]
  },
  "version": 1
}
