{
  "pins" : [
    {
      "identity" : "normalization",
      "kind" : "remoteSourceControl",
      "location" : "https://github.com/VergeGroup/Normalization",
      "state" : {
        "revision" : "360cc940e9c9f5c14db229ea9757c1b18a541fff",
        "version" : "2.0.1"
      }
    },
    {
      "identity" : "precisionlevelslider",
      "kind" : "remoteSourceControl",
      "location" : "https://github.com/FluidGroup/PrecisionLevelSlider",
      "state" : {
        "revision" : "d16becc518758b6f984ff07f8e8c6a0fa9245492",
        "version" : "2.2.0"
      }
    },
    {
      "identity" : "rxswift",
      "kind" : "remoteSourceControl",
      "location" : "https://github.com/ReactiveX/RxSwift.git",
      "state" : {
        "revision" : "5734ad2b6d7d4c0656df3d09ca4ce54fa3c09913",
        "version" : "6.10.1"
      }
    },
    {
      "identity" : "swift-atomics",
      "kind" : "remoteSourceControl",
      "location" : "https://github.com/apple/swift-atomics.git",
      "state" : {
        "revision" : "b601256eab081c0f92f059e12818ac1d4f178ff7",
        "version" : "1.3.0"
      }
    },
    {
      "identity" : "swift-collections",
      "kind" : "remoteSourceControl",
      "location" : "https://github.com/apple/swift-collections",
      "state" : {
        "revision" : "7b847a3b7008b2dc2f47ca3110d8c782fb2e5c7e",
        "version" : "1.3.0"
      }
    },
    {
      "identity" : "swift-concurrency-task-manager",
      "kind" : "remoteSourceControl",
      "location" : "https://github.com/VergeGroup/swift-concurrency-task-manager",
      "state" : {
        "revision" : "87605b623fa1a02c657534251ae238a56bc0d15c",
        "version" : "3.0.0"
      }
    },
    {
      "identity" : "swift-macro-state-struct",
      "kind" : "remoteSourceControl",
      "location" : "https://github.com/VergeGroup/swift-macro-state-struct",
      "state" : {
        "revision" : "f19ad3018ad718f9af725cbbc66a9d87f78d4780",
        "version" : "3.0.1"
      }
    },
    {
      "identity" : "swift-syntax",
      "kind" : "remoteSourceControl",
      "location" : "https://github.com/swiftlang/swift-syntax.git",
      "state" : {
        "revision" : "4799286537280063c85a32f09884cfbca301b1a1",
        "version" : "602.0.0"
      }
    },
    {
      "identity" : "swift-typed-identifier",
      "kind" : "remoteSourceControl",
      "location" : "https://github.com/VergeGroup/swift-typed-identifier.git",
      "state" : {
        "revision" : "ea7afa2ce943c6bf3ef87d385c8a6e9f67fea4f3",
        "version" : "2.0.4"
      }
    },
    {
      "identity" : "swiftui-hosting",
      "kind" : "remoteSourceControl",
      "location" : "https://github.com/FluidGroup/swiftui-Hosting",
      "state" : {
        "revision" : "f0f309cbb9a7e055bc57e931a3506ebb26bf0134",
        "version" : "2.6.0"
      }
    },
    {
      "identity" : "transitionpatch",
      "kind" : "remoteSourceControl",
      "location" : "https://github.com/FluidGroup/TransitionPatch.git",
      "state" : {
        "revision" : "88aac5305fe568ef62f73a3cf19f0b8392ffb52c",
        "version" : "1.0.5"
      }
    },
    {
      "identity" : "typedcomparator",
      "kind" : "remoteSourceControl",
      "location" : "https://github.com/VergeGroup/TypedComparator",
      "state" : {
        "revision" : "337ce0e573e7637ddd29392cb88c3b852f042c8e",
        "version" : "1.0.0"
      }
    },
    {
      "identity" : "verge",
      "kind" : "remoteSourceControl",
      "location" : "https://github.com/VergeGroup/Verge",
      "state" : {
        "revision" : "084a448dc2dac9bbaa79a70e100a1364d8afbd95",
        "version" : "14.1.2"
      }
    }
  ],
  "version" : 2
}
