PODS:
  - GlossButtonNode (3.1.2):
    - Texture/Core (~> 3)
    - TextureSwiftSupport (>= 3.10.0)
  - MosaiqueAssetsPicker (1.3.1)
  - PINCache (3.0.3):
    - PINCache/Arc-exception-safe (= 3.0.3)
    - PINCache/Core (= 3.0.3)
  - PINCache/Arc-exception-safe (3.0.3):
    - PINCache/Core
  - PINCache/Core (3.0.3):
    - PINOperation (~> 1.2.1)
  - PINOperation (1.2.1)
  - PINRemoteImage/Core (3.0.3):
    - PINOperation
  - PINRemoteImage/iOS (3.0.3):
    - PINRemoteImage/Core
  - PINRemoteImage/PINCache (3.0.3):
    - PINCache (~> 3.0.3)
    - PINRemoteImage/Core
  - Reveal-SDK (31)
  - SwiftGen (6.4.0)
  - Texture (3.0.0):
    - Texture/AssetsLibrary (= 3.0.0)
    - Texture/Core (= 3.0.0)
    - Texture/MapKit (= 3.0.0)
    - Texture/Photos (= 3.0.0)
    - Texture/PINRemoteImage (= 3.0.0)
    - Texture/Video (= 3.0.0)
  - Texture/AssetsLibrary (3.0.0):
    - Texture/Core
  - Texture/Core (3.0.0)
  - Texture/MapKit (3.0.0):
    - Texture/Core
  - Texture/Photos (3.0.0):
    - Texture/Core
  - Texture/PINRemoteImage (3.0.0):
    - PINRemoteImage/iOS (~> 3.0.0)
    - PINRemoteImage/PINCache
    - Texture/Core
  - Texture/Video (3.0.0):
    - Texture/Core
  - TextureSwiftSupport (3.12.0):
    - Texture/Core (>= 3)
    - TextureSwiftSupport/Components (= 3.12.0)
    - TextureSwiftSupport/Experiments (= 3.12.0)
    - TextureSwiftSupport/Extensions (= 3.12.0)
    - TextureSwiftSupport/LayoutSpecBuilders (= 3.12.0)
  - TextureSwiftSupport/Components (3.12.0):
    - Texture/Core (>= 3)
    - TextureSwiftSupport/LayoutSpecBuilders
  - TextureSwiftSupport/Experiments (3.12.0):
    - Texture/Core (>= 3)
  - TextureSwiftSupport/Extensions (3.12.0):
    - Texture/Core (>= 3)
  - TextureSwiftSupport/LayoutSpecBuilders (3.12.0):
    - Texture/Core (>= 3)
  - TinyConstraints (4.0.2)

DEPENDENCIES:
  - GlossButtonNode
  - MosaiqueAssetsPicker (from `https://github.com/eure/AssetsPicker.git`, branch `master`)
  - Reveal-SDK
  - SwiftGen
  - Texture
  - TextureSwiftSupport
  - TinyConstraints

SPEC REPOS:
  trunk:
    - GlossButtonNode
    - PINCache
    - PINOperation
    - PINRemoteImage
    - Reveal-SDK
    - SwiftGen
    - Texture
    - TextureSwiftSupport
    - TinyConstraints

EXTERNAL SOURCES:
  MosaiqueAssetsPicker:
    :branch: master
    :git: https://github.com/eure/AssetsPicker.git

CHECKOUT OPTIONS:
  MosaiqueAssetsPicker:
    :commit: 50d588cac0399df8adf77d53d6947afbcebd20a3
    :git: https://github.com/eure/AssetsPicker.git

SPEC CHECKSUMS:
  GlossButtonNode: 4ea1197a744f2fb5fb875fe31caf17ded4762e8f
  MosaiqueAssetsPicker: 552055c3ab92fdef2eef7d18241eb252c5f10cf9
  PINCache: 7a8fc1a691173d21dbddbf86cd515de6efa55086
  PINOperation: 00c935935f1e8cf0d1e2d6b542e75b88fc3e5e20
  PINRemoteImage: f1295b29f8c5e640e25335a1b2bd9d805171bd01
  Reveal-SDK: 62ae124d57732c4fe7e88635274ca24054dd2d29
  SwiftGen: 67860cc7c3cfc2ed25b9b74cfd55495fc89f9108
  Texture: 2f109e937850d94d1d07232041c9c7313ccddb81
  TextureSwiftSupport: bab3c5e811edf9dc32eb28db447723b9eee30b61
  TinyConstraints: 7b7ccc0c485bb3bb47082138ff28bc33cd49897f

PODFILE CHECKSUM: c21cfa904f484fa8a842e25692306622f81ea393

COCOAPODS: 1.11.2
