{
  "pins" : [
    {
      "identity" : "assetspicker",
      "kind" : "remoteSourceControl",
      "location" : "https://github.com/eure/AssetsPicker.git",
      "state" : {
        "branch" : "master",
        "revision" : "7908a947243c9fb8014ab8ce85095f61edf2b113"
      }
    },
    {
      "identity" : "descriptors",
      "kind" : "remoteSourceControl",
      "location" : "https://github.com/FluidGroup/Descriptors",
      "state" : {
        "revision" : "f41ce2605a76c5d378fe8c5e8c5c98b544dfd108",
        "version" : "0.2.3"
      }
    },
    {
      "identity" : "glossbuttonnode",
      "kind" : "remoteSourceControl",
      "location" : "https://github.com/FluidGroup/GlossButtonNode",
      "state" : {
        "branch" : "main",
        "revision" : "725ffe6041691e4533558253c77db01555eda0a9"
      }
    },
    {
      "identity" : "mondrianlayout",
      "kind" : "remoteSourceControl",
      "location" : "https://github.com/muukii/MondrianLayout.git",
      "state" : {
        "revision" : "5f00b13984fe08316fc5b5be06e2f41c14a3befa",
        "version" : "0.10.0"
      }
    },
    {
      "identity" : "precisionlevelslider",
      "kind" : "remoteSourceControl",
      "location" : "https://github.com/FluidGroup/PrecisionLevelSlider",
      "state" : {
        "revision" : "3e460c1cea5ec916f7185948bc0a4e093e20f7a5",
        "version" : "2.1.0"
      }
    },
    {
      "identity" : "rxswift",
      "kind" : "remoteSourceControl",
      "location" : "https://github.com/ReactiveX/RxSwift.git",
      "state" : {
        "revision" : "9dcaa4b333db437b0fbfaf453fad29069044a8b4",
        "version" : "6.6.0"
      }
    },
    {
      "identity" : "swift-atomics",
      "kind" : "remoteSourceControl",
      "location" : "https://github.com/apple/swift-atomics.git",
      "state" : {
        "revision" : "6c89474e62719ddcc1e9614989fff2f68208fe10",
        "version" : "1.1.0"
      }
    },
    {
      "identity" : "swift-collections",
      "kind" : "remoteSourceControl",
      "location" : "https://github.com/FluidGroup/swift-collections",
      "state" : {
        "revision" : "939cfd25234472b4dc91c3caeab304d15bca9a73",
        "version" : "1.1.0"
      }
    },
    {
      "identity" : "swift-concurrency-task-manager",
      "kind" : "remoteSourceControl",
      "location" : "https://github.com/VergeGroup/swift-concurrency-task-manager",
      "state" : {
        "revision" : "3fcfb05f115a3b5bc24f0dfe0d35137f3e398f0b",
        "version" : "1.3.1"
      }
    },
    {
      "identity" : "swift-syntax",
      "kind" : "remoteSourceControl",
      "location" : "https://github.com/apple/swift-syntax.git",
      "state" : {
        "revision" : "6ad4ea24b01559dde0773e3d091f1b9e36175036",
        "version" : "509.0.2"
      }
    },
    {
      "identity" : "swiftui-hosting",
      "kind" : "remoteSourceControl",
      "location" : "https://github.com/FluidGroup/swiftui-hosting.git",
      "state" : {
        "revision" : "7e8eaca72eae910d6d3b6272c263c6c3a10b755c",
        "version" : "1.2.0"
      }
    },
    {
      "identity" : "swiftui-support",
      "kind" : "remoteSourceControl",
      "location" : "https://github.com/FluidGroup/swiftui-support.git",
      "state" : {
        "revision" : "c610c1e46c14c4660beb4ef7fe0241941dbecdc6",
        "version" : "0.5.0"
      }
    },
    {
      "identity" : "texture",
      "kind" : "remoteSourceControl",
      "location" : "https://github.com/FluidGroup/Texture.git",
      "state" : {
        "revision" : "68df47f0d26522da76b06f22e9a97e4d4ab58dad",
        "version" : "3.0.2"
      }
    },
    {
      "identity" : "textureswiftsupport",
      "kind" : "remoteSourceControl",
      "location" : "https://github.com/FluidGroup/TextureSwiftSupport",
      "state" : {
        "branch" : "main",
        "revision" : "5bae50cab3798dccb8b98c3ffbc70320ae66b45a"
      }
    },
    {
      "identity" : "transitionpatch",
      "kind" : "remoteSourceControl",
      "location" : "https://github.com/muukii/TransitionPatch.git",
      "state" : {
        "revision" : "88aac5305fe568ef62f73a3cf19f0b8392ffb52c",
        "version" : "1.0.5"
      }
    },
    {
      "identity" : "verge",
      "kind" : "remoteSourceControl",
      "location" : "https://github.com/VergeGroup/Verge.git",
      "state" : {
        "revision" : "a338c22b82c9a686a7131b54fa84ddad773f5c2a",
        "version" : "12.0.0-beta.4"
      }
    }
  ],
  "version" : 2
}
