{
  "object": {
    "pins": [
      {
        "package": "Descriptors",
        "repositoryURL": "https://github.com/FluidGroup/Descriptors",
        "state": {
          "branch": null,
          "revision": "f41ce2605a76c5d378fe8c5e8c5c98b544dfd108",
          "version": "0.2.3"
        }
      },
      {
        "package": "GlossButtonNode",
        "repositoryURL": "https://github.com/FluidGroup/GlossButtonNode",
        "state": {
          "branch": "main",
          "revision": "b509307ce86999f281d7c5cee17fec2e1179a5d5",
          "version": null
        }
      },
      {
        "package": "IGListKit",
        "repositoryURL": "https://github.com/3a4oT/IGListKit",
        "state": {
          "branch": "spmNumber10",
          "revision": "979eca9b2da15e35af36f4613452dd6e07641969",
          "version": null
        }
      },
      {
        "package": "libwebp",
        "repositoryURL": "https://github.com/SDWebImage/libwebp-Xcode",
        "state": {
          "branch": null,
          "revision": "0f3bdb28a1edc5e8e43876d3835d20c601ef331f",
          "version": "1.2.3"
        }
      },
      {
        "package": "MondrianLayout",
        "repositoryURL": "https://github.com/muukii/MondrianLayout.git",
        "state": {
          "branch": "main",
          "revision": "b26edaa5a469bc5fd58f9afe37d257ca1b3771e0",
          "version": null
        }
      },
      {
        "package": "PINCache",
        "repositoryURL": "https://github.com/pinterest/PINCache.git",
        "state": {
          "branch": null,
          "revision": "875c654984fb52b47ca65ae70d24852b0003ccd9",
          "version": "3.0.3"
        }
      },
      {
        "package": "PINOperation",
        "repositoryURL": "https://github.com/pinterest/PINOperation.git",
        "state": {
          "branch": null,
          "revision": "44d8ca154a4e75a028a5548c31ff3a53b90cef15",
          "version": "1.2.1"
        }
      },
      {
        "package": "PINRemoteImage",
        "repositoryURL": "https://github.com/pinterest/PINRemoteImage.git",
        "state": {
          "branch": "master",
          "revision": "18637e4414d77fbc95cd7d499179a9880e9a78d8",
          "version": null
        }
      },
      {
        "package": "RxSwift",
        "repositoryURL": "https://github.com/ReactiveX/RxSwift.git",
        "state": {
          "branch": null,
          "revision": "b4307ba0b6425c0ba4178e138799946c3da594f8",
          "version": "6.5.0"
        }
      },
      {
        "package": "swift-atomics",
        "repositoryURL": "https://github.com/apple/swift-atomics.git",
        "state": {
          "branch": null,
          "revision": "ff3d2212b6b093db7f177d0855adbc4ef9c5f036",
          "version": "1.0.3"
        }
      },
      {
        "package": "swift-collections",
        "repositoryURL": "https://github.com/apple/swift-collections",
        "state": {
          "branch": "main",
          "revision": "33504bdc159d076c4a84ecf08941c9e648f9a11c",
          "version": null
        }
      },
      {
        "package": "Texture",
        "repositoryURL": "https://github.com/FluidGroup/Texture.git",
        "state": {
          "branch": "spm",
          "revision": "5d03875bcfb0d87f8057ebeb5f2f6e4527e18128",
          "version": null
        }
      },
      {
        "package": "TextureSwiftSupport",
        "repositoryURL": "https://github.com/FluidGroup/TextureSwiftSupport",
        "state": {
          "branch": "main",
          "revision": "775e0336d096f3299caff9905a06c0ced40e687f",
          "version": null
        }
      },
      {
        "package": "TransitionPatch",
        "repositoryURL": "https://github.com/muukii/TransitionPatch.git",
        "state": {
          "branch": null,
          "revision": "88aac5305fe568ef62f73a3cf19f0b8392ffb52c",
          "version": "1.0.5"
        }
      },
      {
        "package": "Verge",
        "repositoryURL": "https://github.com/VergeGroup/Verge.git",
        "state": {
          "branch": "main",
          "revision": "f59621dd070070ad5a012b1c00392d802eca6d78",
          "version": null
        }
      }
    ]
  },
  "version": 1
}
