{
  "pins" : [
    {
      "identity" : "mondrianlayout",
      "kind" : "remoteSourceControl",
      "location" : "https://github.com/muukii/MondrianLayout.git",
      "state" : {
        "revision" : "5f00b13984fe08316fc5b5be06e2f41c14a3befa",
        "version" : "0.10.0"
      }
    },
    {
      "identity" : "normalization",
      "kind" : "remoteSourceControl",
      "location" : "https://github.com/VergeGroup/Normalization",
      "state" : {
        "revision" : "6e7cb1ddeda4d0f1d2fbf8ca6d25ecd8ed6ba917",
        "version" : "1.1.0"
      }
    },
    {
      "identity" : "precisionlevelslider",
      "kind" : "remoteSourceControl",
      "location" : "https://github.com/FluidGroup/PrecisionLevelSlider",
      "state" : {
        "revision" : "3e460c1cea5ec916f7185948bc0a4e093e20f7a5",
        "version" : "2.1.0"
      }
    },
    {
      "identity" : "rxswift",
      "kind" : "remoteSourceControl",
      "location" : "https://github.com/ReactiveX/RxSwift.git",
      "state" : {
        "revision" : "9dcaa4b333db437b0fbfaf453fad29069044a8b4",
        "version" : "6.6.0"
      }
    },
    {
      "identity" : "swift-atomics",
      "kind" : "remoteSourceControl",
      "location" : "https://github.com/apple/swift-atomics.git",
      "state" : {
        "revision" : "6c89474e62719ddcc1e9614989fff2f68208fe10",
        "version" : "1.1.0"
      }
    },
    {
      "identity" : "swift-collections",
      "kind" : "remoteSourceControl",
      "location" : "https://github.com/apple/swift-collections",
      "state" : {
        "revision" : "94cf62b3ba8d4bed62680a282d4c25f9c63c2efb",
        "version" : "1.1.0"
      }
    },
    {
      "identity" : "swift-concurrency-task-manager",
      "kind" : "remoteSourceControl",
      "location" : "https://github.com/VergeGroup/swift-concurrency-task-manager",
      "state" : {
        "revision" : "3fcfb05f115a3b5bc24f0dfe0d35137f3e398f0b",
        "version" : "1.3.1"
      }
    },
    {
      "identity" : "swift-macro-state-struct",
      "kind" : "remoteSourceControl",
      "location" : "https://github.com/VergeGroup/swift-macro-state-struct",
      "state" : {
        "revision" : "88e3937abd26b76bafe9027938538966457f156f",
        "version" : "1.0.0"
      }
    },
    {
      "identity" : "swift-syntax",
      "kind" : "remoteSourceControl",
      "location" : "https://github.com/apple/swift-syntax.git",
      "state" : {
        "revision" : "0687f71944021d616d34d922343dcef086855920",
        "version" : "600.0.1"
      }
    },
    {
      "identity" : "swiftui-hosting",
      "kind" : "remoteSourceControl",
      "location" : "https://github.com/FluidGroup/swiftui-hosting.git",
      "state" : {
        "revision" : "7e8eaca72eae910d6d3b6272c263c6c3a10b755c",
        "version" : "1.2.0"
      }
    },
    {
      "identity" : "swiftui-support",
      "kind" : "remoteSourceControl",
      "location" : "https://github.com/FluidGroup/swiftui-support.git",
      "state" : {
        "revision" : "c610c1e46c14c4660beb4ef7fe0241941dbecdc6",
        "version" : "0.5.0"
      }
    },
    {
      "identity" : "transitionpatch",
      "kind" : "remoteSourceControl",
      "location" : "https://github.com/FluidGroup/TransitionPatch",
      "state" : {
        "revision" : "88aac5305fe568ef62f73a3cf19f0b8392ffb52c",
        "version" : "1.0.5"
      }
    },
    {
      "identity" : "typedcomparator",
      "kind" : "remoteSourceControl",
      "location" : "https://github.com/VergeGroup/TypedComparator",
      "state" : {
        "revision" : "337ce0e573e7637ddd29392cb88c3b852f042c8e",
        "version" : "1.0.0"
      }
    },
    {
      "identity" : "typedidentifier",
      "kind" : "remoteSourceControl",
      "location" : "https://github.com/VergeGroup/TypedIdentifier",
      "state" : {
        "revision" : "284340409ba47858a1b3c353dcef9c21303953db",
        "version" : "2.0.3"
      }
    },
    {
      "identity" : "verge",
      "kind" : "remoteSourceControl",
      "location" : "https://github.com/VergeGroup/Verge.git",
      "state" : {
        "revision" : "b2e5d4b162797119ae0bf2e7609fc74faca00418",
        "version" : "14.0.0-beta.2"
      }
    }
  ],
  "version" : 2
}
