{
  "pins" : [
    {
      "identity" : "assetspicker",
      "kind" : "remoteSourceControl",
      "location" : "https://github.com/eure/AssetsPicker.git",
      "state" : {
        "branch" : "master",
        "revision" : "fdc6c4654eaf85649414034aa0907144d0e330bb"
      }
    },
    {
      "identity" : "rxswift",
      "kind" : "remoteSourceControl",
      "location" : "https://github.com/ReactiveX/RxSwift.git",
      "state" : {
        "revision" : "7e01c05f25c025143073eaa3be3532f9375c614b",
        "version" : "6.1.0"
      }
    },
    {
      "identity" : "transitionpatch",
      "kind" : "remoteSourceControl",
      "location" : "https://github.com/muukii/TransitionPatch.git",
      "state" : {
        "revision" : "1f2e5930a68b11dae764ee7ffda14b2b7ffa8fce",
        "version" : "1.0.3"
      }
    },
    {
      "identity" : "verge",
      "kind" : "remoteSourceControl",
      "location" : "https://github.com/VergeGroup/Verge.git",
      "state" : {
        "revision" : "e066eb7dbaa9b55d2285af27dad2000cd905938d",
        "version" : "8.19.0"
      }
    }
  ],
  "version" : 2
}
