// !$*UTF8*$!
{
	archiveVersion = 1;
	classes = {
	};
	objectVersion = 50;
	objects = {

/* Begin PBXBuildFile section */
		41C7536A70F8C23051DAC08E /* Pods_BrightroomCocoaPodsInstallation.framework in Frameworks */ = {isa = PBXBuildFile; fileRef = 0273EAE663DE1322117B853C /* Pods_BrightroomCocoaPodsInstallation.framework */; };
		4B9557BB261581130024E058 /* AppDelegate.swift in Sources */ = {isa = PBXBuildFile; fileRef = 4B9557BA261581130024E058 /* AppDelegate.swift */; };
		4B9557BD261581130024E058 /* SceneDelegate.swift in Sources */ = {isa = PBXBuildFile; fileRef = 4B9557BC261581130024E058 /* SceneDelegate.swift */; };
		4B9557BF261581130024E058 /* ViewController.swift in Sources */ = {isa = PBXBuildFile; fileRef = 4B9557BE261581130024E058 /* ViewController.swift */; };
		4B9557C2261581130024E058 /* Main.storyboard in Resources */ = {isa = PBXBuildFile; fileRef = 4B9557C0261581130024E058 /* Main.storyboard */; };
		4B9557C4261581140024E058 /* Assets.xcassets in Resources */ = {isa = PBXBuildFile; fileRef = 4B9557C3261581140024E058 /* Assets.xcassets */; };
		4B9557C7261581140024E058 /* LaunchScreen.storyboard in Resources */ = {isa = PBXBuildFile; fileRef = 4B9557C5261581140024E058 /* LaunchScreen.storyboard */; };
/* End PBXBuildFile section */

/* Begin PBXFileReference section */
		0273EAE663DE1322117B853C /* Pods_BrightroomCocoaPodsInstallation.framework */ = {isa = PBXFileReference; explicitFileType = wrapper.framework; includeInIndex = 0; path = Pods_BrightroomCocoaPodsInstallation.framework; sourceTree = BUILT_PRODUCTS_DIR; };
		4B9557B7261581130024E058 /* BrightroomCocoaPodsInstallation.app */ = {isa = PBXFileReference; explicitFileType = wrapper.application; includeInIndex = 0; path = BrightroomCocoaPodsInstallation.app; sourceTree = BUILT_PRODUCTS_DIR; };
		4B9557BA261581130024E058 /* AppDelegate.swift */ = {isa = PBXFileReference; lastKnownFileType = sourcecode.swift; path = AppDelegate.swift; sourceTree = "<group>"; };
		4B9557BC261581130024E058 /* SceneDelegate.swift */ = {isa = PBXFileReference; lastKnownFileType = sourcecode.swift; path = SceneDelegate.swift; sourceTree = "<group>"; };
		4B9557BE261581130024E058 /* ViewController.swift */ = {isa = PBXFileReference; lastKnownFileType = sourcecode.swift; path = ViewController.swift; sourceTree = "<group>"; };
		4B9557C1261581130024E058 /* Base */ = {isa = PBXFileReference; lastKnownFileType = file.storyboard; name = Base; path = Base.lproj/Main.storyboard; sourceTree = "<group>"; };
		4B9557C3261581140024E058 /* Assets.xcassets */ = {isa = PBXFileReference; lastKnownFileType = folder.assetcatalog; path = Assets.xcassets; sourceTree = "<group>"; };
		4B9557C6261581140024E058 /* Base */ = {isa = PBXFileReference; lastKnownFileType = file.storyboard; name = Base; path = Base.lproj/LaunchScreen.storyboard; sourceTree = "<group>"; };
		4B9557C8261581140024E058 /* Info.plist */ = {isa = PBXFileReference; lastKnownFileType = text.plist.xml; path = Info.plist; sourceTree = "<group>"; };
		91BE3BF2C0A85F5C4D58438A /* Pods-BrightroomCocoaPodsInstallation.debug.xcconfig */ = {isa = PBXFileReference; includeInIndex = 1; lastKnownFileType = text.xcconfig; name = "Pods-BrightroomCocoaPodsInstallation.debug.xcconfig"; path = "Target Support Files/Pods-BrightroomCocoaPodsInstallation/Pods-BrightroomCocoaPodsInstallation.debug.xcconfig"; sourceTree = "<group>"; };
		B89ECF8565C7172DBAEC0EA8 /* Pods-BrightroomCocoaPodsInstallation.release.xcconfig */ = {isa = PBXFileReference; includeInIndex = 1; lastKnownFileType = text.xcconfig; name = "Pods-BrightroomCocoaPodsInstallation.release.xcconfig"; path = "Target Support Files/Pods-BrightroomCocoaPodsInstallation/Pods-BrightroomCocoaPodsInstallation.release.xcconfig"; sourceTree = "<group>"; };
/* End PBXFileReference section */

/* Begin PBXFrameworksBuildPhase section */
		4B9557B4261581130024E058 /* Frameworks */ = {
			isa = PBXFrameworksBuildPhase;
			buildActionMask = 2147483647;
			files = (
				41C7536A70F8C23051DAC08E /* Pods_BrightroomCocoaPodsInstallation.framework in Frameworks */,
			);
			runOnlyForDeploymentPostprocessing = 0;
		};
/* End PBXFrameworksBuildPhase section */

/* Begin PBXGroup section */
		19978A034B6A9B67B1A7CF91 /* Frameworks */ = {
			isa = PBXGroup;
			children = (
				0273EAE663DE1322117B853C /* Pods_BrightroomCocoaPodsInstallation.framework */,
			);
			name = Frameworks;
			sourceTree = "<group>";
		};
		4B9557AE261581130024E058 = {
			isa = PBXGroup;
			children = (
				4B9557B9261581130024E058 /* BrightroomCocoaPodsInstallation */,
				4B9557B8261581130024E058 /* Products */,
				5157AFC99B3A64879FA2309B /* Pods */,
				19978A034B6A9B67B1A7CF91 /* Frameworks */,
			);
			sourceTree = "<group>";
		};
		4B9557B8261581130024E058 /* Products */ = {
			isa = PBXGroup;
			children = (
				4B9557B7261581130024E058 /* BrightroomCocoaPodsInstallation.app */,
			);
			name = Products;
			sourceTree = "<group>";
		};
		4B9557B9261581130024E058 /* BrightroomCocoaPodsInstallation */ = {
			isa = PBXGroup;
			children = (
				4B9557BA261581130024E058 /* AppDelegate.swift */,
				4B9557BC261581130024E058 /* SceneDelegate.swift */,
				4B9557BE261581130024E058 /* ViewController.swift */,
				4B9557C0261581130024E058 /* Main.storyboard */,
				4B9557C3261581140024E058 /* Assets.xcassets */,
				4B9557C5261581140024E058 /* LaunchScreen.storyboard */,
				4B9557C8261581140024E058 /* Info.plist */,
			);
			path = BrightroomCocoaPodsInstallation;
			sourceTree = "<group>";
		};
		5157AFC99B3A64879FA2309B /* Pods */ = {
			isa = PBXGroup;
			children = (
				91BE3BF2C0A85F5C4D58438A /* Pods-BrightroomCocoaPodsInstallation.debug.xcconfig */,
				B89ECF8565C7172DBAEC0EA8 /* Pods-BrightroomCocoaPodsInstallation.release.xcconfig */,
			);
			name = Pods;
			path = Pods;
			sourceTree = "<group>";
		};
/* End PBXGroup section */

/* Begin PBXNativeTarget section */
		4B9557B6261581130024E058 /* BrightroomCocoaPodsInstallation */ = {
			isa = PBXNativeTarget;
			buildConfigurationList = 4B9557CB261581140024E058 /* Build configuration list for PBXNativeTarget "BrightroomCocoaPodsInstallation" */;
			buildPhases = (
				90FFB433E18267EB60EFD185 /* [CP] Check Pods Manifest.lock */,
				4B9557B3261581130024E058 /* Sources */,
				4B9557B4261581130024E058 /* Frameworks */,
				4B9557B5261581130024E058 /* Resources */,
				7E911FF9F5D88D183D794EC0 /* [CP] Embed Pods Frameworks */,
			);
			buildRules = (
			);
			dependencies = (
			);
			name = BrightroomCocoaPodsInstallation;
			productName = BrightroomCocoaPodsInstallation;
			productReference = 4B9557B7261581130024E058 /* BrightroomCocoaPodsInstallation.app */;
			productType = "com.apple.product-type.application";
		};
/* End PBXNativeTarget section */

/* Begin PBXProject section */
		4B9557AF261581130024E058 /* Project object */ = {
			isa = PBXProject;
			attributes = {
				LastSwiftUpdateCheck = 1240;
				LastUpgradeCheck = 1240;
				TargetAttributes = {
					4B9557B6261581130024E058 = {
						CreatedOnToolsVersion = 12.4;
					};
				};
			};
			buildConfigurationList = 4B9557B2261581130024E058 /* Build configuration list for PBXProject "BrightroomCocoaPodsInstallation" */;
			compatibilityVersion = "Xcode 9.3";
			developmentRegion = en;
			hasScannedForEncodings = 0;
			knownRegions = (
				en,
				Base,
			);
			mainGroup = 4B9557AE261581130024E058;
			productRefGroup = 4B9557B8261581130024E058 /* Products */;
			projectDirPath = "";
			projectRoot = "";
			targets = (
				4B9557B6261581130024E058 /* BrightroomCocoaPodsInstallation */,
			);
		};
/* End PBXProject section */

/* Begin PBXResourcesBuildPhase section */
		4B9557B5261581130024E058 /* Resources */ = {
			isa = PBXResourcesBuildPhase;
			buildActionMask = 2147483647;
			files = (
				4B9557C7261581140024E058 /* LaunchScreen.storyboard in Resources */,
				4B9557C4261581140024E058 /* Assets.xcassets in Resources */,
				4B9557C2261581130024E058 /* Main.storyboard in Resources */,
			);
			runOnlyForDeploymentPostprocessing = 0;
		};
/* End PBXResourcesBuildPhase section */

/* Begin PBXShellScriptBuildPhase section */
		7E911FF9F5D88D183D794EC0 /* [CP] Embed Pods Frameworks */ = {
			isa = PBXShellScriptBuildPhase;
			buildActionMask = 2147483647;
			files = (
			);
			inputFileListPaths = (
				"${PODS_ROOT}/Target Support Files/Pods-BrightroomCocoaPodsInstallation/Pods-BrightroomCocoaPodsInstallation-frameworks-${CONFIGURATION}-input-files.xcfilelist",
			);
			name = "[CP] Embed Pods Frameworks";
			outputFileListPaths = (
				"${PODS_ROOT}/Target Support Files/Pods-BrightroomCocoaPodsInstallation/Pods-BrightroomCocoaPodsInstallation-frameworks-${CONFIGURATION}-output-files.xcfilelist",
			);
			runOnlyForDeploymentPostprocessing = 0;
			shellPath = /bin/sh;
			shellScript = "\"${PODS_ROOT}/Target Support Files/Pods-BrightroomCocoaPodsInstallation/Pods-BrightroomCocoaPodsInstallation-frameworks.sh\"\n";
			showEnvVarsInLog = 0;
		};
		90FFB433E18267EB60EFD185 /* [CP] Check Pods Manifest.lock */ = {
			isa = PBXShellScriptBuildPhase;
			buildActionMask = 2147483647;
			files = (
			);
			inputFileListPaths = (
			);
			inputPaths = (
				"${PODS_PODFILE_DIR_PATH}/Podfile.lock",
				"${PODS_ROOT}/Manifest.lock",
			);
			name = "[CP] Check Pods Manifest.lock";
			outputFileListPaths = (
			);
			outputPaths = (
				"$(DERIVED_FILE_DIR)/Pods-BrightroomCocoaPodsInstallation-checkManifestLockResult.txt",
			);
			runOnlyForDeploymentPostprocessing = 0;
			shellPath = /bin/sh;
			shellScript = "diff \"${PODS_PODFILE_DIR_PATH}/Podfile.lock\" \"${PODS_ROOT}/Manifest.lock\" > /dev/null\nif [ $? != 0 ] ; then\n    # print error to STDERR\n    echo \"error: The sandbox is not in sync with the Podfile.lock. Run 'pod install' or update your CocoaPods installation.\" >&2\n    exit 1\nfi\n# This output is used by Xcode 'outputs' to avoid re-running this script phase.\necho \"SUCCESS\" > \"${SCRIPT_OUTPUT_FILE_0}\"\n";
			showEnvVarsInLog = 0;
		};
/* End PBXShellScriptBuildPhase section */

/* Begin PBXSourcesBuildPhase section */
		4B9557B3261581130024E058 /* Sources */ = {
			isa = PBXSourcesBuildPhase;
			buildActionMask = 2147483647;
			files = (
				4B9557BF261581130024E058 /* ViewController.swift in Sources */,
				4B9557BB261581130024E058 /* AppDelegate.swift in Sources */,
				4B9557BD261581130024E058 /* SceneDelegate.swift in Sources */,
			);
			runOnlyForDeploymentPostprocessing = 0;
		};
/* End PBXSourcesBuildPhase section */

/* Begin PBXVariantGroup section */
		4B9557C0261581130024E058 /* Main.storyboard */ = {
			isa = PBXVariantGroup;
			children = (
				4B9557C1261581130024E058 /* Base */,
			);
			name = Main.storyboard;
			sourceTree = "<group>";
		};
		4B9557C5261581140024E058 /* LaunchScreen.storyboard */ = {
			isa = PBXVariantGroup;
			children = (
				4B9557C6261581140024E058 /* Base */,
			);
			name = LaunchScreen.storyboard;
			sourceTree = "<group>";
		};
/* End PBXVariantGroup section */

/* Begin XCBuildConfiguration section */
		4B9557C9261581140024E058 /* Debug */ = {
			isa = XCBuildConfiguration;
			buildSettings = {
				ALWAYS_SEARCH_USER_PATHS = NO;
				CLANG_ANALYZER_NONNULL = YES;
				CLANG_ANALYZER_NUMBER_OBJECT_CONVERSION = YES_AGGRESSIVE;
				CLANG_CXX_LANGUAGE_STANDARD = "gnu++14";
				CLANG_CXX_LIBRARY = "libc++";
				CLANG_ENABLE_MODULES = YES;
				CLANG_ENABLE_OBJC_ARC = YES;
				CLANG_ENABLE_OBJC_WEAK = YES;
				CLANG_WARN_BLOCK_CAPTURE_AUTORELEASING = YES;
				CLANG_WARN_BOOL_CONVERSION = YES;
				CLANG_WARN_COMMA = YES;
				CLANG_WARN_CONSTANT_CONVERSION = YES;
				CLANG_WARN_DEPRECATED_OBJC_IMPLEMENTATIONS = YES;
				CLANG_WARN_DIRECT_OBJC_ISA_USAGE = YES_ERROR;
				CLANG_WARN_DOCUMENTATION_COMMENTS = YES;
				CLANG_WARN_EMPTY_BODY = YES;
				CLANG_WARN_ENUM_CONVERSION = YES;
				CLANG_WARN_INFINITE_RECURSION = YES;
				CLANG_WARN_INT_CONVERSION = YES;
				CLANG_WARN_NON_LITERAL_NULL_CONVERSION = YES;
				CLANG_WARN_OBJC_IMPLICIT_RETAIN_SELF = YES;
				CLANG_WARN_OBJC_LITERAL_CONVERSION = YES;
				CLANG_WARN_OBJC_ROOT_CLASS = YES_ERROR;
				CLANG_WARN_QUOTED_INCLUDE_IN_FRAMEWORK_HEADER = YES;
				CLANG_WARN_RANGE_LOOP_ANALYSIS = YES;
				CLANG_WARN_STRICT_PROTOTYPES = YES;
				CLANG_WARN_SUSPICIOUS_MOVE = YES;
				CLANG_WARN_UNGUARDED_AVAILABILITY = YES_AGGRESSIVE;
				CLANG_WARN_UNREACHABLE_CODE = YES;
				CLANG_WARN__DUPLICATE_METHOD_MATCH = YES;
				COPY_PHASE_STRIP = NO;
				DEBUG_INFORMATION_FORMAT = dwarf;
				ENABLE_STRICT_OBJC_MSGSEND = YES;
				ENABLE_TESTABILITY = YES;
				GCC_C_LANGUAGE_STANDARD = gnu11;
				GCC_DYNAMIC_NO_PIC = NO;
				GCC_NO_COMMON_BLOCKS = YES;
				GCC_OPTIMIZATION_LEVEL = 0;
				GCC_PREPROCESSOR_DEFINITIONS = (
					"DEBUG=1",
					"$(inherited)",
				);
				GCC_WARN_64_TO_32_BIT_CONVERSION = YES;
				GCC_WARN_ABOUT_RETURN_TYPE = YES_ERROR;
				GCC_WARN_UNDECLARED_SELECTOR = YES;
				GCC_WARN_UNINITIALIZED_AUTOS = YES_AGGRESSIVE;
				GCC_WARN_UNUSED_FUNCTION = YES;
				GCC_WARN_UNUSED_VARIABLE = YES;
				IPHONEOS_DEPLOYMENT_TARGET = 14.4;
				MTL_ENABLE_DEBUG_INFO = INCLUDE_SOURCE;
				MTL_FAST_MATH = YES;
				ONLY_ACTIVE_ARCH = YES;
				SDKROOT = iphoneos;
				SWIFT_ACTIVE_COMPILATION_CONDITIONS = DEBUG;
				SWIFT_OPTIMIZATION_LEVEL = "-Onone";
			};
			name = Debug;
		};
		4B9557CA261581140024E058 /* Release */ = {
			isa = XCBuildConfiguration;
			buildSettings = {
				ALWAYS_SEARCH_USER_PATHS = NO;
				CLANG_ANALYZER_NONNULL = YES;
				CLANG_ANALYZER_NUMBER_OBJECT_CONVERSION = YES_AGGRESSIVE;
				CLANG_CXX_LANGUAGE_STANDARD = "gnu++14";
				CLANG_CXX_LIBRARY = "libc++";
				CLANG_ENABLE_MODULES = YES;
				CLANG_ENABLE_OBJC_ARC = YES;
				CLANG_ENABLE_OBJC_WEAK = YES;
				CLANG_WARN_BLOCK_CAPTURE_AUTORELEASING = YES;
				CLANG_WARN_BOOL_CONVERSION = YES;
				CLANG_WARN_COMMA = YES;
				CLANG_WARN_CONSTANT_CONVERSION = YES;
				CLANG_WARN_DEPRECATED_OBJC_IMPLEMENTATIONS = YES;
				CLANG_WARN_DIRECT_OBJC_ISA_USAGE = YES_ERROR;
				CLANG_WARN_DOCUMENTATION_COMMENTS = YES;
				CLANG_WARN_EMPTY_BODY = YES;
				CLANG_WARN_ENUM_CONVERSION = YES;
				CLANG_WARN_INFINITE_RECURSION = YES;
				CLANG_WARN_INT_CONVERSION = YES;
				CLANG_WARN_NON_LITERAL_NULL_CONVERSION = YES;
				CLANG_WARN_OBJC_IMPLICIT_RETAIN_SELF = YES;
				CLANG_WARN_OBJC_LITERAL_CONVERSION = YES;
				CLANG_WARN_OBJC_ROOT_CLASS = YES_ERROR;
				CLANG_WARN_QUOTED_INCLUDE_IN_FRAMEWORK_HEADER = YES;
				CLANG_WARN_RANGE_LOOP_ANALYSIS = YES;
				CLANG_WARN_STRICT_PROTOTYPES = YES;
				CLANG_WARN_SUSPICIOUS_MOVE = YES;
				CLANG_WARN_UNGUARDED_AVAILABILITY = YES_AGGRESSIVE;
				CLANG_WARN_UNREACHABLE_CODE = YES;
				CLANG_WARN__DUPLICATE_METHOD_MATCH = YES;
				COPY_PHASE_STRIP = NO;
				DEBUG_INFORMATION_FORMAT = "dwarf-with-dsym";
				ENABLE_NS_ASSERTIONS = NO;
				ENABLE_STRICT_OBJC_MSGSEND = YES;
				GCC_C_LANGUAGE_STANDARD = gnu11;
				GCC_NO_COMMON_BLOCKS = YES;
				GCC_WARN_64_TO_32_BIT_CONVERSION = YES;
				GCC_WARN_ABOUT_RETURN_TYPE = YES_ERROR;
				GCC_WARN_UNDECLARED_SELECTOR = YES;
				GCC_WARN_UNINITIALIZED_AUTOS = YES_AGGRESSIVE;
				GCC_WARN_UNUSED_FUNCTION = YES;
				GCC_WARN_UNUSED_VARIABLE = YES;
				IPHONEOS_DEPLOYMENT_TARGET = 14.4;
				MTL_ENABLE_DEBUG_INFO = NO;
				MTL_FAST_MATH = YES;
				SDKROOT = iphoneos;
				SWIFT_COMPILATION_MODE = wholemodule;
				SWIFT_OPTIMIZATION_LEVEL = "-O";
				VALIDATE_PRODUCT = YES;
			};
			name = Release;
		};
		4B9557CC261581140024E058 /* Debug */ = {
			isa = XCBuildConfiguration;
			baseConfigurationReference = 91BE3BF2C0A85F5C4D58438A /* Pods-BrightroomCocoaPodsInstallation.debug.xcconfig */;
			buildSettings = {
				ASSETCATALOG_COMPILER_APPICON_NAME = AppIcon;
				ASSETCATALOG_COMPILER_GLOBAL_ACCENT_COLOR_NAME = AccentColor;
				CODE_SIGN_STYLE = Automatic;
				INFOPLIST_FILE = BrightroomCocoaPodsInstallation/Info.plist;
				LD_RUNPATH_SEARCH_PATHS = (
					"$(inherited)",
					"@executable_path/Frameworks",
				);
				PRODUCT_BUNDLE_IDENTIFIER = app.muukii.BrightroomCocoaPodsInstallation;
				PRODUCT_NAME = "$(TARGET_NAME)";
				SWIFT_VERSION = 5.0;
				TARGETED_DEVICE_FAMILY = "1,2";
			};
			name = Debug;
		};
		4B9557CD261581140024E058 /* Release */ = {
			isa = XCBuildConfiguration;
			baseConfigurationReference = B89ECF8565C7172DBAEC0EA8 /* Pods-BrightroomCocoaPodsInstallation.release.xcconfig */;
			buildSettings = {
				ASSETCATALOG_COMPILER_APPICON_NAME = AppIcon;
				ASSETCATALOG_COMPILER_GLOBAL_ACCENT_COLOR_NAME = AccentColor;
				CODE_SIGN_STYLE = Automatic;
				INFOPLIST_FILE = BrightroomCocoaPodsInstallation/Info.plist;
				LD_RUNPATH_SEARCH_PATHS = (
					"$(inherited)",
					"@executable_path/Frameworks",
				);
				PRODUCT_BUNDLE_IDENTIFIER = app.muukii.BrightroomCocoaPodsInstallation;
				PRODUCT_NAME = "$(TARGET_NAME)";
				SWIFT_VERSION = 5.0;
				TARGETED_DEVICE_FAMILY = "1,2";
			};
			name = Release;
		};
/* End XCBuildConfiguration section */

/* Begin XCConfigurationList section */
		4B9557B2261581130024E058 /* Build configuration list for PBXProject "BrightroomCocoaPodsInstallation" */ = {
			isa = XCConfigurationList;
			buildConfigurations = (
				4B9557C9261581140024E058 /* Debug */,
				4B9557CA261581140024E058 /* Release */,
			);
			defaultConfigurationIsVisible = 0;
			defaultConfigurationName = Release;
		};
		4B9557CB261581140024E058 /* Build configuration list for PBXNativeTarget "BrightroomCocoaPodsInstallation" */ = {
			isa = XCConfigurationList;
			buildConfigurations = (
				4B9557CC261581140024E058 /* Debug */,
				4B9557CD261581140024E058 /* Release */,
			);
			defaultConfigurationIsVisible = 0;
			defaultConfigurationName = Release;
		};
/* End XCConfigurationList section */
	};
	rootObject = 4B9557AF261581130024E058 /* Project object */;
}
